org_name = "dehami"
version = "0.1.0"
lockfile_version = "1.0.0"
ballerina_version = "1.1.0"

[[imports."dehami/service:0.1.0"]]
org_name = "dehami"
name = "jdbc_operation"
version = "0.1.0"

[[imports."dehami/jdbc_operation:0.1.0"]]
org_name = "ballerinax"
name = "java.jdbc"
version = "0.0.0"

[[imports."ballerinax/java.jdbc:0.0.0"]]
org_name = "ballerinax"
name = "java"
version = "0.0.0"
